// !$*UTF8*$!
{
	archiveVersion = 1;
	classes = {
	};
	objectVersion = 50;
	objects = {

/* Begin PBXBuildFile section */
		A86D3FA7211DCAA600794FED /* MemoryManager.cpp in Sources */ = {isa = PBXBuildFile; fileRef = A86D3FA5211DCAA600794FED /* MemoryManager.cpp */; };
		A86D3FAA211DD0D100794FED /* Interpreter.cpp in Sources */ = {isa = PBXBuildFile; fileRef = A86D3FA8211DD0D100794FED /* Interpreter.cpp */; };
		A89F90A9211C320C002AB302 /* main.cpp in Sources */ = {isa = PBXBuildFile; fileRef = A89F90A8211C320C002AB302 /* main.cpp */; };
		A89F90B1211C3237002AB302 /* Token.cpp in Sources */ = {isa = PBXBuildFile; fileRef = A89F90AF211C3237002AB302 /* Token.cpp */; };
		A89F90B4211C350F002AB302 /* Variable.cpp in Sources */ = {isa = PBXBuildFile; fileRef = A89F90B2211C350F002AB302 /* Variable.cpp */; };
/* End PBXBuildFile section */

/* Begin PBXCopyFilesBuildPhase section */
		A89F90A3211C320C002AB302 /* CopyFiles */ = {
			isa = PBXCopyFilesBuildPhase;
			buildActionMask = 2147483647;
			dstPath = /usr/share/man/man1/;
			dstSubfolderSpec = 0;
			files = (
			);
			runOnlyForDeploymentPostprocessing = 1;
		};
/* End PBXCopyFilesBuildPhase section */

/* Begin PBXFileReference section */
		A86D3FA5211DCAA600794FED /* MemoryManager.cpp */ = {isa = PBXFileReference; lastKnownFileType = sourcecode.cpp.cpp; path = MemoryManager.cpp; sourceTree = "<group>"; };
		A86D3FA6211DCAA600794FED /* MemoryManager.hpp */ = {isa = PBXFileReference; lastKnownFileType = sourcecode.cpp.h; path = MemoryManager.hpp; sourceTree = "<group>"; };
		A86D3FA8211DD0D100794FED /* Interpreter.cpp */ = {isa = PBXFileReference; lastKnownFileType = sourcecode.cpp.cpp; path = Interpreter.cpp; sourceTree = "<group>"; };
		A86D3FA9211DD0D100794FED /* Interpreter.hpp */ = {isa = PBXFileReference; lastKnownFileType = sourcecode.cpp.h; path = Interpreter.hpp; sourceTree = "<group>"; };
		A89F90A5211C320C002AB302 /* pseudo */ = {isa = PBXFileReference; explicitFileType = "compiled.mach-o.executable"; includeInIndex = 0; path = pseudo; sourceTree = BUILT_PRODUCTS_DIR; };
		A89F90A8211C320C002AB302 /* main.cpp */ = {isa = PBXFileReference; lastKnownFileType = sourcecode.cpp.cpp; path = main.cpp; sourceTree = "<group>"; };
		A89F90AF211C3237002AB302 /* Token.cpp */ = {isa = PBXFileReference; lastKnownFileType = sourcecode.cpp.cpp; path = Token.cpp; sourceTree = "<group>"; };
		A89F90B0211C3237002AB302 /* Token.hpp */ = {isa = PBXFileReference; lastKnownFileType = sourcecode.cpp.h; path = Token.hpp; sourceTree = "<group>"; };
		A89F90B2211C350F002AB302 /* Variable.cpp */ = {isa = PBXFileReference; lastKnownFileType = sourcecode.cpp.cpp; path = Variable.cpp; sourceTree = "<group>"; };
		A89F90B3211C350F002AB302 /* Variable.hpp */ = {isa = PBXFileReference; lastKnownFileType = sourcecode.cpp.h; path = Variable.hpp; sourceTree = "<group>"; };
		A8E19F2E212B2462001B492E /* code.pso */ = {isa = PBXFileReference; lastKnownFileType = text; path = code.pso; sourceTree = "<group>"; };
/* End PBXFileReference section */

/* Begin PBXFrameworksBuildPhase section */
		A89F90A2211C320C002AB302 /* Frameworks */ = {
			isa = PBXFrameworksBuildPhase;
			buildActionMask = 2147483647;
			files = (
			);
			runOnlyForDeploymentPostprocessing = 0;
		};
/* End PBXFrameworksBuildPhase section */

/* Begin PBXGroup section */
		A89F909C211C320C002AB302 = {
			isa = PBXGroup;
			children = (
				A89F90A7211C320C002AB302 /* pseudo */,
				A89F90A6211C320C002AB302 /* Products */,
			);
			sourceTree = "<group>";
		};
		A89F90A6211C320C002AB302 /* Products */ = {
			isa = PBXGroup;
			children = (
				A89F90A5211C320C002AB302 /* pseudo */,
			);
			name = Products;
			sourceTree = "<group>";
		};
		A89F90A7211C320C002AB302 /* pseudo */ = {
			isa = PBXGroup;
			children = (
				A8E19F2E212B2462001B492E /* code.pso */,
				A89F90A8211C320C002AB302 /* main.cpp */,
				A86D3FA8211DD0D100794FED /* Interpreter.cpp */,
				A86D3FA9211DD0D100794FED /* Interpreter.hpp */,
				A89F90AF211C3237002AB302 /* Token.cpp */,
				A89F90B0211C3237002AB302 /* Token.hpp */,
				A86D3FA5211DCAA600794FED /* MemoryManager.cpp */,
				A86D3FA6211DCAA600794FED /* MemoryManager.hpp */,
				A89F90B2211C350F002AB302 /* Variable.cpp */,
				A89F90B3211C350F002AB302 /* Variable.hpp */,
			);
			path = pseudo;
			sourceTree = "<group>";
		};
/* End PBXGroup section */

/* Begin PBXNativeTarget section */
		A89F90A4211C320C002AB302 /* pseudo */ = {
			isa = PBXNativeTarget;
			buildConfigurationList = A89F90AC211C320C002AB302 /* Build configuration list for PBXNativeTarget "pseudo" */;
			buildPhases = (
				A89F90A1211C320C002AB302 /* Sources */,
				A89F90A2211C320C002AB302 /* Frameworks */,
				A89F90A3211C320C002AB302 /* CopyFiles */,
			);
			buildRules = (
			);
			dependencies = (
			);
			name = pseudo;
			productName = pseudo;
			productReference = A89F90A5211C320C002AB302 /* pseudo */;
			productType = "com.apple.product-type.tool";
		};
/* End PBXNativeTarget section */

/* Begin PBXProject section */
		A89F909D211C320C002AB302 /* Project object */ = {
			isa = PBXProject;
			attributes = {
				LastUpgradeCheck = 0940;
				ORGANIZATIONNAME = "Javax Inc.";
				TargetAttributes = {
					A89F90A4211C320C002AB302 = {
						CreatedOnToolsVersion = 9.4.1;
					};
				};
			};
			buildConfigurationList = A89F90A0211C320C002AB302 /* Build configuration list for PBXProject "pseudo" */;
			compatibilityVersion = "Xcode 9.3";
			developmentRegion = en;
			hasScannedForEncodings = 0;
			knownRegions = (
				en,
			);
			mainGroup = A89F909C211C320C002AB302;
			productRefGroup = A89F90A6211C320C002AB302 /* Products */;
			projectDirPath = "";
			projectRoot = "";
			targets = (
				A89F90A4211C320C002AB302 /* pseudo */,
			);
		};
/* End PBXProject section */

/* Begin PBXSourcesBuildPhase section */
		A89F90A1211C320C002AB302 /* Sources */ = {
			isa = PBXSourcesBuildPhase;
			buildActionMask = 2147483647;
			files = (
				A89F90B4211C350F002AB302 /* Variable.cpp in Sources */,
				A86D3FAA211DD0D100794FED /* Interpreter.cpp in Sources */,
				A89F90A9211C320C002AB302 /* main.cpp in Sources */,
				A86D3FA7211DCAA600794FED /* MemoryManager.cpp in Sources */,
				A89F90B1211C3237002AB302 /* Token.cpp in Sources */,
			);
			runOnlyForDeploymentPostprocessing = 0;
		};
/* End PBXSourcesBuildPhase section */

/* Begin XCBuildConfiguration section */
		A89F90AA211C320C002AB302 /* Debug */ = {
			isa = XCBuildConfiguration;
			buildSettings = {
				ALWAYS_SEARCH_USER_PATHS = NO;
				CLANG_ANALYZER_NONNULL = YES;
				CLANG_ANALYZER_NUMBER_OBJECT_CONVERSION = YES_AGGRESSIVE;
				CLANG_CXX_LANGUAGE_STANDARD = "gnu++14";
				CLANG_CXX_LIBRARY = "libc++";
				CLANG_ENABLE_MODULES = YES;
				CLANG_ENABLE_OBJC_ARC = YES;
				CLANG_ENABLE_OBJC_WEAK = YES;
				CLANG_WARN_BLOCK_CAPTURE_AUTORELEASING = YES;
				CLANG_WARN_BOOL_CONVERSION = YES;
				CLANG_WARN_COMMA = YES;
				CLANG_WARN_CONSTANT_CONVERSION = YES;
				CLANG_WARN_DEPRECATED_OBJC_IMPLEMENTATIONS = YES;
				CLANG_WARN_DIRECT_OBJC_ISA_USAGE = YES_ERROR;
				CLANG_WARN_DOCUMENTATION_COMMENTS = YES;
				CLANG_WARN_EMPTY_BODY = YES;
				CLANG_WARN_ENUM_CONVERSION = YES;
				CLANG_WARN_INFINITE_RECURSION = YES;
				CLANG_WARN_INT_CONVERSION = YES;
				CLANG_WARN_NON_LITERAL_NULL_CONVERSION = YES;
				CLANG_WARN_OBJC_IMPLICIT_RETAIN_SELF = YES;
				CLANG_WARN_OBJC_LITERAL_CONVERSION = YES;
				CLANG_WARN_OBJC_ROOT_CLASS = YES_ERROR;
				CLANG_WARN_RANGE_LOOP_ANALYSIS = YES;
				CLANG_WARN_STRICT_PROTOTYPES = YES;
				CLANG_WARN_SUSPICIOUS_MOVE = YES;
				CLANG_WARN_UNGUARDED_AVAILABILITY = YES_AGGRESSIVE;
				CLANG_WARN_UNREACHABLE_CODE = YES;
				CLANG_WARN__DUPLICATE_METHOD_MATCH = YES;
				CODE_SIGN_IDENTITY = "-";
				COPY_PHASE_STRIP = NO;
				DEBUG_INFORMATION_FORMAT = dwarf;
				ENABLE_STRICT_OBJC_MSGSEND = YES;
				ENABLE_TESTABILITY = YES;
				GCC_C_LANGUAGE_STANDARD = gnu11;
				GCC_DYNAMIC_NO_PIC = NO;
				GCC_NO_COMMON_BLOCKS = YES;
				GCC_OPTIMIZATION_LEVEL = 0;
				GCC_PREPROCESSOR_DEFINITIONS = (
					"DEBUG=1",
					"$(inherited)",
				);
				GCC_WARN_64_TO_32_BIT_CONVERSION = YES;
				GCC_WARN_ABOUT_RETURN_TYPE = YES_ERROR;
				GCC_WARN_UNDECLARED_SELECTOR = YES;
				GCC_WARN_UNINITIALIZED_AUTOS = YES_AGGRESSIVE;
				GCC_WARN_UNUSED_FUNCTION = YES;
				GCC_WARN_UNUSED_VARIABLE = YES;
				MACOSX_DEPLOYMENT_TARGET = 10.13;
				MTL_ENABLE_DEBUG_INFO = YES;
				ONLY_ACTIVE_ARCH = YES;
				SDKROOT = macosx;
			};
			name = Debug;
		};
		A89F90AB211C320C002AB302 /* Release */ = {
			isa = XCBuildConfiguration;
			buildSettings = {
				ALWAYS_SEARCH_USER_PATHS = NO;
				CLANG_ANALYZER_NONNULL = YES;
				CLANG_ANALYZER_NUMBER_OBJECT_CONVERSION = YES_AGGRESSIVE;
				CLANG_CXX_LANGUAGE_STANDARD = "gnu++14";
				CLANG_CXX_LIBRARY = "libc++";
				CLANG_ENABLE_MODULES = YES;
				CLANG_ENABLE_OBJC_ARC = YES;
				CLANG_ENABLE_OBJC_WEAK = YES;
				CLANG_WARN_BLOCK_CAPTURE_AUTORELEASING = YES;
				CLANG_WARN_BOOL_CONVERSION = YES;
				CLANG_WARN_COMMA = YES;
				CLANG_WARN_CONSTANT_CONVERSION = YES;
				CLANG_WARN_DEPRECATED_OBJC_IMPLEMENTATIONS = YES;
				CLANG_WARN_DIRECT_OBJC_ISA_USAGE = YES_ERROR;
				CLANG_WARN_DOCUMENTATION_COMMENTS = YES;
				CLANG_WARN_EMPTY_BODY = YES;
				CLANG_WARN_ENUM_CONVERSION = YES;
				CLANG_WARN_INFINITE_RECURSION = YES;
				CLANG_WARN_INT_CONVERSION = YES;
				CLANG_WARN_NON_LITERAL_NULL_CONVERSION = YES;
				CLANG_WARN_OBJC_IMPLICIT_RETAIN_SELF = YES;
				CLANG_WARN_OBJC_LITERAL_CONVERSION = YES;
				CLANG_WARN_OBJC_ROOT_CLASS = YES_ERROR;
				CLANG_WARN_RANGE_LOOP_ANALYSIS = YES;
				CLANG_WARN_STRICT_PROTOTYPES = YES;
				CLANG_WARN_SUSPICIOUS_MOVE = YES;
				CLANG_WARN_UNGUARDED_AVAILABILITY = YES_AGGRESSIVE;
				CLANG_WARN_UNREACHABLE_CODE = YES;
				CLANG_WARN__DUPLICATE_METHOD_MATCH = YES;
				CODE_SIGN_IDENTITY = "-";
				COPY_PHASE_STRIP = NO;
				DEBUG_INFORMATION_FORMAT = "dwarf-with-dsym";
				ENABLE_NS_ASSERTIONS = NO;
				ENABLE_STRICT_OBJC_MSGSEND = YES;
				GCC_C_LANGUAGE_STANDARD = gnu11;
				GCC_NO_COMMON_BLOCKS = YES;
				GCC_WARN_64_TO_32_BIT_CONVERSION = YES;
				GCC_WARN_ABOUT_RETURN_TYPE = YES_ERROR;
				GCC_WARN_UNDECLARED_SELECTOR = YES;
				GCC_WARN_UNINITIALIZED_AUTOS = YES_AGGRESSIVE;
				GCC_WARN_UNUSED_FUNCTION = YES;
				GCC_WARN_UNUSED_VARIABLE = YES;
				MACOSX_DEPLOYMENT_TARGET = 10.13;
				MTL_ENABLE_DEBUG_INFO = NO;
				SDKROOT = macosx;
			};
			name = Release;
		};
		A89F90AD211C320C002AB302 /* Debug */ = {
			isa = XCBuildConfiguration;
			buildSettings = {
				CODE_SIGN_STYLE = Automatic;
				PRODUCT_NAME = "$(TARGET_NAME)";
			};
			name = Debug;
		};
		A89F90AE211C320C002AB302 /* Release */ = {
			isa = XCBuildConfiguration;
			buildSettings = {
				CODE_SIGN_STYLE = Automatic;
				PRODUCT_NAME = "$(TARGET_NAME)";
			};
			name = Release;
		};
/* End XCBuildConfiguration section */

/* Begin XCConfigurationList section */
		A89F90A0211C320C002AB302 /* Build configuration list for PBXProject "pseudo" */ = {
			isa = XCConfigurationList;
			buildConfigurations = (
				A89F90AA211C320C002AB302 /* Debug */,
				A89F90AB211C320C002AB302 /* Release */,
			);
			defaultConfigurationIsVisible = 0;
			defaultConfigurationName = Release;
		};
		A89F90AC211C320C002AB302 /* Build configuration list for PBXNativeTarget "pseudo" */ = {
			isa = XCConfigurationList;
			buildConfigurations = (
				A89F90AD211C320C002AB302 /* Debug */,
				A89F90AE211C320C002AB302 /* Release */,
			);
			defaultConfigurationIsVisible = 0;
			defaultConfigurationName = Release;
		};
/* End XCConfigurationList section */
	};
	rootObject = A89F909D211C320C002AB302 /* Project object */;
}
